
Microsoft Visual Studio Solution File, Format Version 12.00
# Visual Studio Version 16
VisualStudioVersion = 16.0.31105.61
MinimumVisualStudioVersion = 10.0.40219.1
Project("{9A19103F-16F7-4668-BE54-9A1E7A4F7556}") = "MarsRover", "MarsRover\MarsRover.csproj", "{4A361799-40A2-4D20-A53E-8C0D05A4336A}"
EndProject
Project("{FAE04EC0-301F-11D3-BF4B-00C04F79EFBC}") = "MarsRover.Test", "MarsRover.Test\MarsRover.Test.csproj", "{BFCDBC77-B894-4718-A785-B26857ECDCF3}"
EndProject
Global
	GlobalSection(SolutionConfigurationPlatforms) = preSolution
		Debug|Any CPU = Debug|Any CPU
		Release|Any CPU = Release|Any CPU
	EndGlobalSection
	GlobalSection(ProjectConfigurationPlatforms) = postSolution
		{4A361799-40A2-4D20-A53E-8C0D05A4336A}.Debug|Any CPU.ActiveCfg = Debug|Any CPU
		{4A361799-40A2-4D20-A53E-8C0D05A4336A}.Debug|Any CPU.Build.0 = Debug|Any CPU
		{4A361799-40A2-4D20-A53E-8C0D05A4336A}.Release|Any CPU.ActiveCfg = Release|Any CPU
		{4A361799-40A2-4D20-A53E-8C0D05A4336A}.Release|Any CPU.Build.0 = Release|Any CPU
		{BFCDBC77-B894-4718-A785-B26857ECDCF3}.Debug|Any CPU.ActiveCfg = Debug|Any CPU
		{BFCDBC77-B894-4718-A785-B26857ECDCF3}.Debug|Any CPU.Build.0 = Debug|Any CPU
		{BFCDBC77-B894-4718-A785-B26857ECDCF3}.Release|Any CPU.ActiveCfg = Release|Any CPU
		{BFCDBC77-B894-4718-A785-B26857ECDCF3}.Release|Any CPU.Build.0 = Release|Any CPU
	EndGlobalSection
	GlobalSection(SolutionProperties) = preSolution
		HideSolutionNode = FALSE
	EndGlobalSection
	GlobalSection(ExtensibilityGlobals) = postSolution
		SolutionGuid = {A7049975-12B1-4A79-BAB1-1ACE0395E5B4}
	EndGlobalSection
EndGlobal
